// !$*UTF8*$!
{
	archiveVersion = 1;
	classes = {
	};
	objectVersion = 50;
	objects = {

/* Begin PBXBuildFile section */
		FDC5A67D23D2DA1000223BE2 /* AppDelegate.swift in Sources */ = {isa = PBXBuildFile; fileRef = FDC5A67C23D2DA1000223BE2 /* AppDelegate.swift */; };
		FDC5A68423D2DA1000223BE2 /* Main.storyboard in Resources */ = {isa = PBXBuildFile; fileRef = FDC5A68223D2DA1000223BE2 /* Main.storyboard */; };
		FDC5A68723D2DA1000223BE2 /* Countries.xcdatamodeld in Sources */ = {isa = PBXBuildFile; fileRef = FDC5A68523D2DA1000223BE2 /* Countries.xcdatamodeld */; };
		FDC5A68923D2DA1200223BE2 /* Assets.xcassets in Resources */ = {isa = PBXBuildFile; fileRef = FDC5A68823D2DA1200223BE2 /* Assets.xcassets */; };
		FDC5A68C23D2DA1200223BE2 /* LaunchScreen.storyboard in Resources */ = {isa = PBXBuildFile; fileRef = FDC5A68A23D2DA1200223BE2 /* LaunchScreen.storyboard */; };
		FDFDDA4A23D2DC4E001C4DBD /* LandingScreenViewController.swift in Sources */ = {isa = PBXBuildFile; fileRef = FDFDDA4923D2DC4E001C4DBD /* LandingScreenViewController.swift */; };
		FDFDDA4D23D2E4D1001C4DBD /* CountryTableViewCell.swift in Sources */ = {isa = PBXBuildFile; fileRef = FDFDDA4C23D2E4D1001C4DBD /* CountryTableViewCell.swift */; };
		FDFDDA4F23D2E748001C4DBD /* LandingScreenViewModel.swift in Sources */ = {isa = PBXBuildFile; fileRef = FDFDDA4E23D2E748001C4DBD /* LandingScreenViewModel.swift */; };
		FDFDDA5123D2E7D8001C4DBD /* CountryViewModel.swift in Sources */ = {isa = PBXBuildFile; fileRef = FDFDDA5023D2E7D8001C4DBD /* CountryViewModel.swift */; };
		FDFDDA5523D2F1D1001C4DBD /* APIConfiguration.swift in Sources */ = {isa = PBXBuildFile; fileRef = FDFDDA5423D2F1D1001C4DBD /* APIConfiguration.swift */; };
		FDFDDA5723D2F21D001C4DBD /* APIConstants.swift in Sources */ = {isa = PBXBuildFile; fileRef = FDFDDA5623D2F21D001C4DBD /* APIConstants.swift */; };
		FDFDDA5923D2F41B001C4DBD /* APIHelper.swift in Sources */ = {isa = PBXBuildFile; fileRef = FDFDDA5823D2F41B001C4DBD /* APIHelper.swift */; };
		FDFDDA5C23D2F4BD001C4DBD /* JSONResponseDecoder.swift in Sources */ = {isa = PBXBuildFile; fileRef = FDFDDA5B23D2F4BD001C4DBD /* JSONResponseDecoder.swift */; };
		FDFDDA5F23D2F66C001C4DBD /* CountryAPIs.swift in Sources */ = {isa = PBXBuildFile; fileRef = FDFDDA5E23D2F66C001C4DBD /* CountryAPIs.swift */; };
		FDFDDA6223D2F90D001C4DBD /* Country.swift in Sources */ = {isa = PBXBuildFile; fileRef = FDFDDA6123D2F90D001C4DBD /* Country.swift */; };
		FDFDDA6423D2F9BF001C4DBD /* SearchCountryRequest.swift in Sources */ = {isa = PBXBuildFile; fileRef = FDFDDA6323D2F9BF001C4DBD /* SearchCountryRequest.swift */; };
/* End PBXBuildFile section */

/* Begin PBXFileReference section */
		FDC5A67923D2DA0F00223BE2 /* Countries.app */ = {isa = PBXFileReference; explicitFileType = wrapper.application; includeInIndex = 0; path = Countries.app; sourceTree = BUILT_PRODUCTS_DIR; };
		FDC5A67C23D2DA1000223BE2 /* AppDelegate.swift */ = {isa = PBXFileReference; lastKnownFileType = sourcecode.swift; path = AppDelegate.swift; sourceTree = "<group>"; };
		FDC5A68323D2DA1000223BE2 /* Base */ = {isa = PBXFileReference; lastKnownFileType = file.storyboard; name = Base; path = Base.lproj/Main.storyboard; sourceTree = "<group>"; };
		FDC5A68623D2DA1000223BE2 /* Countries.xcdatamodel */ = {isa = PBXFileReference; lastKnownFileType = wrapper.xcdatamodel; path = Countries.xcdatamodel; sourceTree = "<group>"; };
		FDC5A68823D2DA1200223BE2 /* Assets.xcassets */ = {isa = PBXFileReference; lastKnownFileType = folder.assetcatalog; path = Assets.xcassets; sourceTree = "<group>"; };
		FDC5A68B23D2DA1200223BE2 /* Base */ = {isa = PBXFileReference; lastKnownFileType = file.storyboard; name = Base; path = Base.lproj/LaunchScreen.storyboard; sourceTree = "<group>"; };
		FDC5A68D23D2DA1200223BE2 /* Info.plist */ = {isa = PBXFileReference; lastKnownFileType = text.plist.xml; path = Info.plist; sourceTree = "<group>"; };
		FDFDDA4923D2DC4E001C4DBD /* LandingScreenViewController.swift */ = {isa = PBXFileReference; lastKnownFileType = sourcecode.swift; path = LandingScreenViewController.swift; sourceTree = "<group>"; };
		FDFDDA4C23D2E4D1001C4DBD /* CountryTableViewCell.swift */ = {isa = PBXFileReference; lastKnownFileType = sourcecode.swift; path = CountryTableViewCell.swift; sourceTree = "<group>"; };
		FDFDDA4E23D2E748001C4DBD /* LandingScreenViewModel.swift */ = {isa = PBXFileReference; lastKnownFileType = sourcecode.swift; path = LandingScreenViewModel.swift; sourceTree = "<group>"; };
		FDFDDA5023D2E7D8001C4DBD /* CountryViewModel.swift */ = {isa = PBXFileReference; lastKnownFileType = sourcecode.swift; path = CountryViewModel.swift; sourceTree = "<group>"; };
		FDFDDA5423D2F1D1001C4DBD /* APIConfiguration.swift */ = {isa = PBXFileReference; lastKnownFileType = sourcecode.swift; path = APIConfiguration.swift; sourceTree = "<group>"; };
		FDFDDA5623D2F21D001C4DBD /* APIConstants.swift */ = {isa = PBXFileReference; lastKnownFileType = sourcecode.swift; path = APIConstants.swift; sourceTree = "<group>"; };
		FDFDDA5823D2F41B001C4DBD /* APIHelper.swift */ = {isa = PBXFileReference; lastKnownFileType = sourcecode.swift; path = APIHelper.swift; sourceTree = "<group>"; };
		FDFDDA5B23D2F4BD001C4DBD /* JSONResponseDecoder.swift */ = {isa = PBXFileReference; lastKnownFileType = sourcecode.swift; path = JSONResponseDecoder.swift; sourceTree = "<group>"; };
		FDFDDA5E23D2F66C001C4DBD /* CountryAPIs.swift */ = {isa = PBXFileReference; lastKnownFileType = sourcecode.swift; path = CountryAPIs.swift; sourceTree = "<group>"; };
		FDFDDA6123D2F90D001C4DBD /* Country.swift */ = {isa = PBXFileReference; lastKnownFileType = sourcecode.swift; path = Country.swift; sourceTree = "<group>"; };
		FDFDDA6323D2F9BF001C4DBD /* SearchCountryRequest.swift */ = {isa = PBXFileReference; lastKnownFileType = sourcecode.swift; path = SearchCountryRequest.swift; sourceTree = "<group>"; };
/* End PBXFileReference section */

/* Begin PBXFrameworksBuildPhase section */
		FDC5A67623D2DA0F00223BE2 /* Frameworks */ = {
			isa = PBXFrameworksBuildPhase;
			buildActionMask = 2147483647;
			files = (
			);
			runOnlyForDeploymentPostprocessing = 0;
		};
/* End PBXFrameworksBuildPhase section */

/* Begin PBXGroup section */
		FDC5A67023D2DA0F00223BE2 = {
			isa = PBXGroup;
			children = (
				FDC5A67B23D2DA1000223BE2 /* Countries */,
				FDC5A67A23D2DA0F00223BE2 /* Products */,
			);
			sourceTree = "<group>";
		};
		FDC5A67A23D2DA0F00223BE2 /* Products */ = {
			isa = PBXGroup;
			children = (
				FDC5A67923D2DA0F00223BE2 /* Countries.app */,
			);
			name = Products;
			sourceTree = "<group>";
		};
		FDC5A67B23D2DA1000223BE2 /* Countries */ = {
			isa = PBXGroup;
			children = (
				FDFDDA5223D2EFA7001C4DBD /* Services */,
				FDFDDA4623D2DC16001C4DBD /* Landing Screen */,
				FDC5A67C23D2DA1000223BE2 /* AppDelegate.swift */,
				FDC5A68223D2DA1000223BE2 /* Main.storyboard */,
				FDC5A68823D2DA1200223BE2 /* Assets.xcassets */,
				FDC5A68A23D2DA1200223BE2 /* LaunchScreen.storyboard */,
				FDC5A68D23D2DA1200223BE2 /* Info.plist */,
				FDC5A68523D2DA1000223BE2 /* Countries.xcdatamodeld */,
			);
			path = Countries;
			sourceTree = "<group>";
		};
		FDFDDA4623D2DC16001C4DBD /* Landing Screen */ = {
			isa = PBXGroup;
			children = (
				FDFDDA6023D2F900001C4DBD /* Model */,
				FDFDDA4823D2DC39001C4DBD /* ViewModel */,
				FDFDDA4723D2DC31001C4DBD /* Controller */,
			);
			path = "Landing Screen";
			sourceTree = "<group>";
		};
		FDFDDA4723D2DC31001C4DBD /* Controller */ = {
			isa = PBXGroup;
			children = (
				FDFDDA4B23D2E4A6001C4DBD /* Cell */,
				FDFDDA4923D2DC4E001C4DBD /* LandingScreenViewController.swift */,
			);
			path = Controller;
			sourceTree = "<group>";
		};
		FDFDDA4823D2DC39001C4DBD /* ViewModel */ = {
			isa = PBXGroup;
			children = (
				FDFDDA4E23D2E748001C4DBD /* LandingScreenViewModel.swift */,
				FDFDDA5023D2E7D8001C4DBD /* CountryViewModel.swift */,
			);
			path = ViewModel;
			sourceTree = "<group>";
		};
		FDFDDA4B23D2E4A6001C4DBD /* Cell */ = {
			isa = PBXGroup;
			children = (
				FDFDDA4C23D2E4D1001C4DBD /* CountryTableViewCell.swift */,
			);
			path = Cell;
			sourceTree = "<group>";
		};
		FDFDDA5223D2EFA7001C4DBD /* Services */ = {
			isa = PBXGroup;
			children = (
				FDFDDA5D23D2F4FD001C4DBD /* Requests */,
				FDFDDA5A23D2F4AA001C4DBD /* Decoder */,
				FDFDDA5323D2F1BE001C4DBD /* Configuration */,
			);
			path = Services;
			sourceTree = "<group>";
		};
		FDFDDA5323D2F1BE001C4DBD /* Configuration */ = {
			isa = PBXGroup;
			children = (
				FDFDDA5423D2F1D1001C4DBD /* APIConfiguration.swift */,
				FDFDDA5623D2F21D001C4DBD /* APIConstants.swift */,
				FDFDDA5823D2F41B001C4DBD /* APIHelper.swift */,
			);
			path = Configuration;
			sourceTree = "<group>";
		};
		FDFDDA5A23D2F4AA001C4DBD /* Decoder */ = {
			isa = PBXGroup;
			children = (
				FDFDDA5B23D2F4BD001C4DBD /* JSONResponseDecoder.swift */,
			);
			path = Decoder;
			sourceTree = "<group>";
		};
		FDFDDA5D23D2F4FD001C4DBD /* Requests */ = {
			isa = PBXGroup;
			children = (
				FDFDDA5E23D2F66C001C4DBD /* CountryAPIs.swift */,
				FDFDDA6323D2F9BF001C4DBD /* SearchCountryRequest.swift */,
			);
			path = Requests;
			sourceTree = "<group>";
		};
		FDFDDA6023D2F900001C4DBD /* Model */ = {
			isa = PBXGroup;
			children = (
				FDFDDA6123D2F90D001C4DBD /* Country.swift */,
			);
			path = Model;
			sourceTree = "<group>";
		};
/* End PBXGroup section */

/* Begin PBXNativeTarget section */
		FDC5A67823D2DA0F00223BE2 /* Countries */ = {
			isa = PBXNativeTarget;
			buildConfigurationList = FDC5A69023D2DA1200223BE2 /* Build configuration list for PBXNativeTarget "Countries" */;
			buildPhases = (
				FDC5A67523D2DA0F00223BE2 /* Sources */,
				FDC5A67623D2DA0F00223BE2 /* Frameworks */,
				FDC5A67723D2DA0F00223BE2 /* Resources */,
			);
			buildRules = (
			);
			dependencies = (
			);
			name = Countries;
			productName = Countries;
			productReference = FDC5A67923D2DA0F00223BE2 /* Countries.app */;
			productType = "com.apple.product-type.application";
		};
/* End PBXNativeTarget section */

/* Begin PBXProject section */
		FDC5A67123D2DA0F00223BE2 /* Project object */ = {
			isa = PBXProject;
			attributes = {
				LastSwiftUpdateCheck = 1130;
				LastUpgradeCheck = 1130;
				ORGANIZATIONNAME = "Nilesh Mahajan";
				TargetAttributes = {
					FDC5A67823D2DA0F00223BE2 = {
						CreatedOnToolsVersion = 11.3;
					};
				};
			};
			buildConfigurationList = FDC5A67423D2DA0F00223BE2 /* Build configuration list for PBXProject "Countries" */;
			compatibilityVersion = "Xcode 9.3";
			developmentRegion = en;
			hasScannedForEncodings = 0;
			knownRegions = (
				en,
				Base,
			);
			mainGroup = FDC5A67023D2DA0F00223BE2;
			productRefGroup = FDC5A67A23D2DA0F00223BE2 /* Products */;
			projectDirPath = "";
			projectRoot = "";
			targets = (
				FDC5A67823D2DA0F00223BE2 /* Countries */,
			);
		};
/* End PBXProject section */

/* Begin PBXResourcesBuildPhase section */
		FDC5A67723D2DA0F00223BE2 /* Resources */ = {
			isa = PBXResourcesBuildPhase;
			buildActionMask = 2147483647;
			files = (
				FDC5A68C23D2DA1200223BE2 /* LaunchScreen.storyboard in Resources */,
				FDC5A68923D2DA1200223BE2 /* Assets.xcassets in Resources */,
				FDC5A68423D2DA1000223BE2 /* Main.storyboard in Resources */,
			);
			runOnlyForDeploymentPostprocessing = 0;
		};
/* End PBXResourcesBuildPhase section */

/* Begin PBXSourcesBuildPhase section */
		FDC5A67523D2DA0F00223BE2 /* Sources */ = {
			isa = PBXSourcesBuildPhase;
			buildActionMask = 2147483647;
			files = (
				FDFDDA5923D2F41B001C4DBD /* APIHelper.swift in Sources */,
				FDFDDA5C23D2F4BD001C4DBD /* JSONResponseDecoder.swift in Sources */,
				FDFDDA6423D2F9BF001C4DBD /* SearchCountryRequest.swift in Sources */,
				FDFDDA4F23D2E748001C4DBD /* LandingScreenViewModel.swift in Sources */,
				FDFDDA5F23D2F66C001C4DBD /* CountryAPIs.swift in Sources */,
				FDFDDA6223D2F90D001C4DBD /* Country.swift in Sources */,
				FDFDDA4D23D2E4D1001C4DBD /* CountryTableViewCell.swift in Sources */,
				FDFDDA4A23D2DC4E001C4DBD /* LandingScreenViewController.swift in Sources */,
				FDFDDA5123D2E7D8001C4DBD /* CountryViewModel.swift in Sources */,
				FDFDDA5723D2F21D001C4DBD /* APIConstants.swift in Sources */,
				FDC5A67D23D2DA1000223BE2 /* AppDelegate.swift in Sources */,
				FDFDDA5523D2F1D1001C4DBD /* APIConfiguration.swift in Sources */,
				FDC5A68723D2DA1000223BE2 /* Countries.xcdatamodeld in Sources */,
			);
			runOnlyForDeploymentPostprocessing = 0;
		};
/* End PBXSourcesBuildPhase section */

/* Begin PBXVariantGroup section */
		FDC5A68223D2DA1000223BE2 /* Main.storyboard */ = {
			isa = PBXVariantGroup;
			children = (
				FDC5A68323D2DA1000223BE2 /* Base */,
			);
			name = Main.storyboard;
			sourceTree = "<group>";
		};
		FDC5A68A23D2DA1200223BE2 /* LaunchScreen.storyboard */ = {
			isa = PBXVariantGroup;
			children = (
				FDC5A68B23D2DA1200223BE2 /* Base */,
			);
			name = LaunchScreen.storyboard;
			sourceTree = "<group>";
		};
/* End PBXVariantGroup section */

/* Begin XCBuildConfiguration section */
		FDC5A68E23D2DA1200223BE2 /* Debug */ = {
			isa = XCBuildConfiguration;
			buildSettings = {
				ALWAYS_SEARCH_USER_PATHS = NO;
				CLANG_ANALYZER_NONNULL = YES;
				CLANG_ANALYZER_NUMBER_OBJECT_CONVERSION = YES_AGGRESSIVE;
				CLANG_CXX_LANGUAGE_STANDARD = "gnu++14";
				CLANG_CXX_LIBRARY = "libc++";
				CLANG_ENABLE_MODULES = YES;
				CLANG_ENABLE_OBJC_ARC = YES;
				CLANG_ENABLE_OBJC_WEAK = YES;
				CLANG_WARN_BLOCK_CAPTURE_AUTORELEASING = YES;
				CLANG_WARN_BOOL_CONVERSION = YES;
				CLANG_WARN_COMMA = YES;
				CLANG_WARN_CONSTANT_CONVERSION = YES;
				CLANG_WARN_DEPRECATED_OBJC_IMPLEMENTATIONS = YES;
				CLANG_WARN_DIRECT_OBJC_ISA_USAGE = YES_ERROR;
				CLANG_WARN_DOCUMENTATION_COMMENTS = YES;
				CLANG_WARN_EMPTY_BODY = YES;
				CLANG_WARN_ENUM_CONVERSION = YES;
				CLANG_WARN_INFINITE_RECURSION = YES;
				CLANG_WARN_INT_CONVERSION = YES;
				CLANG_WARN_NON_LITERAL_NULL_CONVERSION = YES;
				CLANG_WARN_OBJC_IMPLICIT_RETAIN_SELF = YES;
				CLANG_WARN_OBJC_LITERAL_CONVERSION = YES;
				CLANG_WARN_OBJC_ROOT_CLASS = YES_ERROR;
				CLANG_WARN_RANGE_LOOP_ANALYSIS = YES;
				CLANG_WARN_STRICT_PROTOTYPES = YES;
				CLANG_WARN_SUSPICIOUS_MOVE = YES;
				CLANG_WARN_UNGUARDED_AVAILABILITY = YES_AGGRESSIVE;
				CLANG_WARN_UNREACHABLE_CODE = YES;
				CLANG_WARN__DUPLICATE_METHOD_MATCH = YES;
				COPY_PHASE_STRIP = NO;
				DEBUG_INFORMATION_FORMAT = dwarf;
				ENABLE_STRICT_OBJC_MSGSEND = YES;
				ENABLE_TESTABILITY = YES;
				GCC_C_LANGUAGE_STANDARD = gnu11;
				GCC_DYNAMIC_NO_PIC = NO;
				GCC_NO_COMMON_BLOCKS = YES;
				GCC_OPTIMIZATION_LEVEL = 0;
				GCC_PREPROCESSOR_DEFINITIONS = (
					"DEBUG=1",
					"$(inherited)",
				);
				GCC_WARN_64_TO_32_BIT_CONVERSION = YES;
				GCC_WARN_ABOUT_RETURN_TYPE = YES_ERROR;
				GCC_WARN_UNDECLARED_SELECTOR = YES;
				GCC_WARN_UNINITIALIZED_AUTOS = YES_AGGRESSIVE;
				GCC_WARN_UNUSED_FUNCTION = YES;
				GCC_WARN_UNUSED_VARIABLE = YES;
				IPHONEOS_DEPLOYMENT_TARGET = 13.2;
				MTL_ENABLE_DEBUG_INFO = INCLUDE_SOURCE;
				MTL_FAST_MATH = YES;
				ONLY_ACTIVE_ARCH = YES;
				SDKROOT = iphoneos;
				SWIFT_ACTIVE_COMPILATION_CONDITIONS = DEBUG;
				SWIFT_OPTIMIZATION_LEVEL = "-Onone";
			};
			name = Debug;
		};
		FDC5A68F23D2DA1200223BE2 /* Release */ = {
			isa = XCBuildConfiguration;
			buildSettings = {
				ALWAYS_SEARCH_USER_PATHS = NO;
				CLANG_ANALYZER_NONNULL = YES;
				CLANG_ANALYZER_NUMBER_OBJECT_CONVERSION = YES_AGGRESSIVE;
				CLANG_CXX_LANGUAGE_STANDARD = "gnu++14";
				CLANG_CXX_LIBRARY = "libc++";
				CLANG_ENABLE_MODULES = YES;
				CLANG_ENABLE_OBJC_ARC = YES;
				CLANG_ENABLE_OBJC_WEAK = YES;
				CLANG_WARN_BLOCK_CAPTURE_AUTORELEASING = YES;
				CLANG_WARN_BOOL_CONVERSION = YES;
				CLANG_WARN_COMMA = YES;
				CLANG_WARN_CONSTANT_CONVERSION = YES;
				CLANG_WARN_DEPRECATED_OBJC_IMPLEMENTATIONS = YES;
				CLANG_WARN_DIRECT_OBJC_ISA_USAGE = YES_ERROR;
				CLANG_WARN_DOCUMENTATION_COMMENTS = YES;
				CLANG_WARN_EMPTY_BODY = YES;
				CLANG_WARN_ENUM_CONVERSION = YES;
				CLANG_WARN_INFINITE_RECURSION = YES;
				CLANG_WARN_INT_CONVERSION = YES;
				CLANG_WARN_NON_LITERAL_NULL_CONVERSION = YES;
				CLANG_WARN_OBJC_IMPLICIT_RETAIN_SELF = YES;
				CLANG_WARN_OBJC_LITERAL_CONVERSION = YES;
				CLANG_WARN_OBJC_ROOT_CLASS = YES_ERROR;
				CLANG_WARN_RANGE_LOOP_ANALYSIS = YES;
				CLANG_WARN_STRICT_PROTOTYPES = YES;
				CLANG_WARN_SUSPICIOUS_MOVE = YES;
				CLANG_WARN_UNGUARDED_AVAILABILITY = YES_AGGRESSIVE;
				CLANG_WARN_UNREACHABLE_CODE = YES;
				CLANG_WARN__DUPLICATE_METHOD_MATCH = YES;
				COPY_PHASE_STRIP = NO;
				DEBUG_INFORMATION_FORMAT = "dwarf-with-dsym";
				ENABLE_NS_ASSERTIONS = NO;
				ENABLE_STRICT_OBJC_MSGSEND = YES;
				GCC_C_LANGUAGE_STANDARD = gnu11;
				GCC_NO_COMMON_BLOCKS = YES;
				GCC_WARN_64_TO_32_BIT_CONVERSION = YES;
				GCC_WARN_ABOUT_RETURN_TYPE = YES_ERROR;
				GCC_WARN_UNDECLARED_SELECTOR = YES;
				GCC_WARN_UNINITIALIZED_AUTOS = YES_AGGRESSIVE;
				GCC_WARN_UNUSED_FUNCTION = YES;
				GCC_WARN_UNUSED_VARIABLE = YES;
				IPHONEOS_DEPLOYMENT_TARGET = 13.2;
				MTL_ENABLE_DEBUG_INFO = NO;
				MTL_FAST_MATH = YES;
				SDKROOT = iphoneos;
				SWIFT_COMPILATION_MODE = wholemodule;
				SWIFT_OPTIMIZATION_LEVEL = "-O";
				VALIDATE_PRODUCT = YES;
			};
			name = Release;
		};
		FDC5A69123D2DA1200223BE2 /* Debug */ = {
			isa = XCBuildConfiguration;
			buildSettings = {
				ASSETCATALOG_COMPILER_APPICON_NAME = AppIcon;
				CODE_SIGN_STYLE = Automatic;
				INFOPLIST_FILE = Countries/Info.plist;
				LD_RUNPATH_SEARCH_PATHS = (
					"$(inherited)",
					"@executable_path/Frameworks",
				);
				PRODUCT_BUNDLE_IDENTIFIER = com.nilesh.assignment.Countries;
				PRODUCT_NAME = "$(TARGET_NAME)";
				SWIFT_VERSION = 5.0;
				TARGETED_DEVICE_FAMILY = "1,2";
			};
			name = Debug;
		};
		FDC5A69223D2DA1200223BE2 /* Release */ = {
			isa = XCBuildConfiguration;
			buildSettings = {
				ASSETCATALOG_COMPILER_APPICON_NAME = AppIcon;
				CODE_SIGN_STYLE = Automatic;
				INFOPLIST_FILE = Countries/Info.plist;
				LD_RUNPATH_SEARCH_PATHS = (
					"$(inherited)",
					"@executable_path/Frameworks",
				);
				PRODUCT_BUNDLE_IDENTIFIER = com.nilesh.assignment.Countries;
				PRODUCT_NAME = "$(TARGET_NAME)";
				SWIFT_VERSION = 5.0;
				TARGETED_DEVICE_FAMILY = "1,2";
			};
			name = Release;
		};
/* End XCBuildConfiguration section */

/* Begin XCConfigurationList section */
		FDC5A67423D2DA0F00223BE2 /* Build configuration list for PBXProject "Countries" */ = {
			isa = XCConfigurationList;
			buildConfigurations = (
				FDC5A68E23D2DA1200223BE2 /* Debug */,
				FDC5A68F23D2DA1200223BE2 /* Release */,
			);
			defaultConfigurationIsVisible = 0;
			defaultConfigurationName = Release;
		};
		FDC5A69023D2DA1200223BE2 /* Build configuration list for PBXNativeTarget "Countries" */ = {
			isa = XCConfigurationList;
			buildConfigurations = (
				FDC5A69123D2DA1200223BE2 /* Debug */,
				FDC5A69223D2DA1200223BE2 /* Release */,
			);
			defaultConfigurationIsVisible = 0;
			defaultConfigurationName = Release;
		};
/* End XCConfigurationList section */

/* Begin XCVersionGroup section */
		FDC5A68523D2DA1000223BE2 /* Countries.xcdatamodeld */ = {
			isa = XCVersionGroup;
			children = (
				FDC5A68623D2DA1000223BE2 /* Countries.xcdatamodel */,
			);
			currentVersion = FDC5A68623D2DA1000223BE2 /* Countries.xcdatamodel */;
			path = Countries.xcdatamodeld;
			sourceTree = "<group>";
			versionGroupType = wrapper.xcdatamodel;
		};
/* End XCVersionGroup section */
	};
	rootObject = FDC5A67123D2DA0F00223BE2 /* Project object */;
}
